
Microsoft Visual Studio Solution File, Format Version 12.00
# Visual Studio 14
VisualStudioVersion = 14.0.24720.0
MinimumVisualStudioVersion = 10.0.40219.1
Project("{2150E333-8FDC-42A3-9474-1A3956D46DE8}") = "Libraries", "Libraries", "{7AD0FD43-7C33-4B89-BCB7-05ED277E5C9C}"
EndProject
Project("{2150E333-8FDC-42A3-9474-1A3956D46DE8}") = "Presentation", "Presentation", "{7A5E2D67-1025-478D-9ED3-45BE5C92621E}"
EndProject
Project("{FAE04EC0-301F-11D3-BF4B-00C04F79EFBC}") = "Nop.Core", "Libraries\Nop.Core\Nop.Core.csproj", "{DEFEA0E4-7EC7-4855-81EA-F965469DDAB0}"
EndProject
Project("{FAE04EC0-301F-11D3-BF4B-00C04F79EFBC}") = "Nop.Data", "Libraries\Nop.Data\Nop.Data.csproj", "{EBE6CA2F-66ED-4289-BE1D-BBAD49085CB1}"
EndProject
Project("{FAE04EC0-301F-11D3-BF4B-00C04F79EFBC}") = "Nop.Services", "Libraries\Nop.Services\Nop.Services.csproj", "{0497BF9C-E18F-4FB5-9C18-1A76493C0A41}"
EndProject
Project("{FAE04EC0-301F-11D3-BF4B-00C04F79EFBC}") = "Nop.Web.Framework", "Presentation\Nop.Web.Framework\Nop.Web.Framework.csproj", "{C5CEFE74-65A7-4783-A950-D780ADBF94B1}"
EndProject
Project("{FAE04EC0-301F-11D3-BF4B-00C04F79EFBC}") = "Nop.Web", "Presentation\Nop.Web\Nop.Web.csproj", "{A80CFF67-CBF8-4822-95EE-1E3520A86D68}"
EndProject
Project("{FAE04EC0-301F-11D3-BF4B-00C04F79EFBC}") = "Nop.Admin", "Presentation\Nop.Web\Administration\Nop.Admin.csproj", "{8D641B78-C5BE-43C6-B0D6-874516F6FC6D}"
EndProject
Global
	GlobalSection(SolutionConfigurationPlatforms) = preSolution
		Debug|Any CPU = Debug|Any CPU
		Release|Any CPU = Release|Any CPU
	EndGlobalSection
	GlobalSection(ProjectConfigurationPlatforms) = postSolution
		{DEFEA0E4-7EC7-4855-81EA-F965469DDAB0}.Debug|Any CPU.ActiveCfg = Debug|Any CPU
		{DEFEA0E4-7EC7-4855-81EA-F965469DDAB0}.Debug|Any CPU.Build.0 = Debug|Any CPU
		{DEFEA0E4-7EC7-4855-81EA-F965469DDAB0}.Release|Any CPU.ActiveCfg = Release|Any CPU
		{DEFEA0E4-7EC7-4855-81EA-F965469DDAB0}.Release|Any CPU.Build.0 = Release|Any CPU
		{A80CFF67-CBF8-4822-95EE-1E3520A86D68}.Debug|Any CPU.ActiveCfg = Debug|Any CPU
		{A80CFF67-CBF8-4822-95EE-1E3520A86D68}.Debug|Any CPU.Build.0 = Debug|Any CPU
		{A80CFF67-CBF8-4822-95EE-1E3520A86D68}.Release|Any CPU.ActiveCfg = Release|Any CPU
		{A80CFF67-CBF8-4822-95EE-1E3520A86D68}.Release|Any CPU.Build.0 = Release|Any CPU
		{EBE6CA2F-66ED-4289-BE1D-BBAD49085CB1}.Debug|Any CPU.ActiveCfg = Debug|Any CPU
		{EBE6CA2F-66ED-4289-BE1D-BBAD49085CB1}.Debug|Any CPU.Build.0 = Debug|Any CPU
		{EBE6CA2F-66ED-4289-BE1D-BBAD49085CB1}.Release|Any CPU.ActiveCfg = Release|Any CPU
		{EBE6CA2F-66ED-4289-BE1D-BBAD49085CB1}.Release|Any CPU.Build.0 = Release|Any CPU
		{0497BF9C-E18F-4FB5-9C18-1A76493C0A41}.Debug|Any CPU.ActiveCfg = Debug|Any CPU
		{0497BF9C-E18F-4FB5-9C18-1A76493C0A41}.Debug|Any CPU.Build.0 = Debug|Any CPU
		{0497BF9C-E18F-4FB5-9C18-1A76493C0A41}.Release|Any CPU.ActiveCfg = Release|Any CPU
		{0497BF9C-E18F-4FB5-9C18-1A76493C0A41}.Release|Any CPU.Build.0 = Release|Any CPU
		{C5CEFE74-65A7-4783-A950-D780ADBF94B1}.Debug|Any CPU.ActiveCfg = Debug|Any CPU
		{C5CEFE74-65A7-4783-A950-D780ADBF94B1}.Debug|Any CPU.Build.0 = Debug|Any CPU
		{C5CEFE74-65A7-4783-A950-D780ADBF94B1}.Release|Any CPU.ActiveCfg = Release|Any CPU
		{C5CEFE74-65A7-4783-A950-D780ADBF94B1}.Release|Any CPU.Build.0 = Release|Any CPU
		{8D641B78-C5BE-43C6-B0D6-874516F6FC6D}.Debug|Any CPU.ActiveCfg = Debug|Any CPU
		{8D641B78-C5BE-43C6-B0D6-874516F6FC6D}.Debug|Any CPU.Build.0 = Debug|Any CPU
		{8D641B78-C5BE-43C6-B0D6-874516F6FC6D}.Release|Any CPU.ActiveCfg = Release|Any CPU
		{8D641B78-C5BE-43C6-B0D6-874516F6FC6D}.Release|Any CPU.Build.0 = Release|Any CPU
	EndGlobalSection
	GlobalSection(SolutionProperties) = preSolution
		HideSolutionNode = FALSE
	EndGlobalSection
	GlobalSection(NestedProjects) = preSolution
		{DEFEA0E4-7EC7-4855-81EA-F965469DDAB0} = {7AD0FD43-7C33-4B89-BCB7-05ED277E5C9C}
		{A80CFF67-CBF8-4822-95EE-1E3520A86D68} = {7A5E2D67-1025-478D-9ED3-45BE5C92621E}
		{EBE6CA2F-66ED-4289-BE1D-BBAD49085CB1} = {7AD0FD43-7C33-4B89-BCB7-05ED277E5C9C}
		{0497BF9C-E18F-4FB5-9C18-1A76493C0A41} = {7AD0FD43-7C33-4B89-BCB7-05ED277E5C9C}
		{C5CEFE74-65A7-4783-A950-D780ADBF94B1} = {7A5E2D67-1025-478D-9ED3-45BE5C92621E}
		{8D641B78-C5BE-43C6-B0D6-874516F6FC6D} = {7A5E2D67-1025-478D-9ED3-45BE5C92621E}
	EndGlobalSection
EndGlobal
