
Microsoft Visual Studio Solution File, Format Version 12.00
# Visual Studio 14
VisualStudioVersion = 14.0.25420.1
MinimumVisualStudioVersion = 10.0.40219.1
Project("{2150E333-8FDC-42A3-9474-1A3956D46DE8}") = "Libraries", "Libraries", "{7AD0FD43-7C33-4B89-BCB7-05ED277E5C9C}"
EndProject
Project("{2150E333-8FDC-42A3-9474-1A3956D46DE8}") = "Presentation", "Presentation", "{7A5E2D67-1025-478D-9ED3-45BE5C92621E}"
EndProject
Project("{FAE04EC0-301F-11D3-BF4B-00C04F79EFBC}") = "Nop.Core", "Libraries\Nop.Core\Nop.Core.csproj", "{DEFEA0E4-7EC7-4855-81EA-F965469DDAB0}"
EndProject
Project("{FAE04EC0-301F-11D3-BF4B-00C04F79EFBC}") = "Nop.Data", "Libraries\Nop.Data\Nop.Data.csproj", "{EBE6CA2F-66ED-4289-BE1D-BBAD49085CB1}"
EndProject
Project("{FAE04EC0-301F-11D3-BF4B-00C04F79EFBC}") = "Nop.Services", "Libraries\Nop.Services\Nop.Services.csproj", "{0497BF9C-E18F-4FB5-9C18-1A76493C0A41}"
EndProject
Project("{FAE04EC0-301F-11D3-BF4B-00C04F79EFBC}") = "Nop.Web.Framework", "Presentation\Nop.Web.Framework\Nop.Web.Framework.csproj", "{C5CEFE74-65A7-4783-A950-D780ADBF94B1}"
EndProject
Project("{FAE04EC0-301F-11D3-BF4B-00C04F79EFBC}") = "Nop.Web", "Presentation\Nop.Web\Nop.Web.csproj", "{A80CFF67-CBF8-4822-95EE-1E3520A86D68}"
EndProject
Project("{FAE04EC0-301F-11D3-BF4B-00C04F79EFBC}") = "Nop.Admin", "Presentation\Nop.Web\Administration\Nop.Admin.csproj", "{8D641B78-C5BE-43C6-B0D6-874516F6FC6D}"
EndProject
Project("{2150E333-8FDC-42A3-9474-1A3956D46DE8}") = "Tests", "Tests", "{BF21F38F-C879-468E-BC51-0BDCF337DB50}"
EndProject
Project("{FAE04EC0-301F-11D3-BF4B-00C04F79EFBC}") = "Nop.Data.Tests", "Tests\Nop.Data.Tests\Nop.Data.Tests.csproj", "{350E6557-E1C4-40EB-B181-89D0C479F46F}"
EndProject
Project("{FAE04EC0-301F-11D3-BF4B-00C04F79EFBC}") = "Nop.Web.MVC.Tests", "Tests\Nop.Web.MVC.Tests\Nop.Web.MVC.Tests.csproj", "{68AE0FD4-A8A1-4500-9BD2-5F9F430A9F50}"
EndProject
Project("{FAE04EC0-301F-11D3-BF4B-00C04F79EFBC}") = "Nop.Tests", "Tests\Nop.Tests\Nop.Tests.csproj", "{12259916-7AF1-4A0B-B4F2-C26110A830CF}"
EndProject
Project("{FAE04EC0-301F-11D3-BF4B-00C04F79EFBC}") = "Nop.Core.Tests", "Tests\Nop.Core.Tests\Nop.Core.Tests.csproj", "{DCD60A8A-FD1A-4436-BF39-2FF7E6415329}"
EndProject
Project("{FAE04EC0-301F-11D3-BF4B-00C04F79EFBC}") = "Nop.Services.Tests", "Tests\Nop.Services.Tests\Nop.Services.Tests.csproj", "{8BB09326-5A5F-42CF-BE86-2A70209C0454}"
EndProject
Project("{FAE04EC0-301F-11D3-BF4B-00C04F79EFBC}") = "Nop.WebApp.Demo", "Presentation\Nop.WebApp.Demo\Nop.WebApp.Demo.csproj", "{9151FEFB-3176-4C97-8A9E-07C2114BBC38}"
EndProject
Project("{2150E333-8FDC-42A3-9474-1A3956D46DE8}") = "Plugins", "Plugins", "{7150A4B6-0C5B-4624-AD4D-12A208FEAB2F}"
EndProject
Project("{FAE04EC0-301F-11D3-BF4B-00C04F79EFBC}") = "Nop.Plugin.Widgets.NivoSlider", "Plugins\Nop.Plugin.Widgets.NivoSlider\Nop.Plugin.Widgets.NivoSlider.csproj", "{A2D2DD5D-05B2-4BF3-A31E-3473D28EEE12}"
EndProject
Project("{FAE04EC0-301F-11D3-BF4B-00C04F79EFBC}") = "Nop.WebMVC.Demo", "Presentation\Nop.WebMVC.Demo\Nop.WebMVC.Demo.csproj", "{D41A838E-9D2C-4892-9422-91D6BD08DECA}"
EndProject
Global
	GlobalSection(SolutionConfigurationPlatforms) = preSolution
		Debug|Any CPU = Debug|Any CPU
		Release|Any CPU = Release|Any CPU
	EndGlobalSection
	GlobalSection(ProjectConfigurationPlatforms) = postSolution
		{DEFEA0E4-7EC7-4855-81EA-F965469DDAB0}.Debug|Any CPU.ActiveCfg = Debug|Any CPU
		{DEFEA0E4-7EC7-4855-81EA-F965469DDAB0}.Debug|Any CPU.Build.0 = Debug|Any CPU
		{DEFEA0E4-7EC7-4855-81EA-F965469DDAB0}.Release|Any CPU.ActiveCfg = Release|Any CPU
		{DEFEA0E4-7EC7-4855-81EA-F965469DDAB0}.Release|Any CPU.Build.0 = Release|Any CPU
		{EBE6CA2F-66ED-4289-BE1D-BBAD49085CB1}.Debug|Any CPU.ActiveCfg = Debug|Any CPU
		{EBE6CA2F-66ED-4289-BE1D-BBAD49085CB1}.Debug|Any CPU.Build.0 = Debug|Any CPU
		{EBE6CA2F-66ED-4289-BE1D-BBAD49085CB1}.Release|Any CPU.ActiveCfg = Release|Any CPU
		{EBE6CA2F-66ED-4289-BE1D-BBAD49085CB1}.Release|Any CPU.Build.0 = Release|Any CPU
		{0497BF9C-E18F-4FB5-9C18-1A76493C0A41}.Debug|Any CPU.ActiveCfg = Debug|Any CPU
		{0497BF9C-E18F-4FB5-9C18-1A76493C0A41}.Debug|Any CPU.Build.0 = Debug|Any CPU
		{0497BF9C-E18F-4FB5-9C18-1A76493C0A41}.Release|Any CPU.ActiveCfg = Release|Any CPU
		{0497BF9C-E18F-4FB5-9C18-1A76493C0A41}.Release|Any CPU.Build.0 = Release|Any CPU
		{C5CEFE74-65A7-4783-A950-D780ADBF94B1}.Debug|Any CPU.ActiveCfg = Debug|Any CPU
		{C5CEFE74-65A7-4783-A950-D780ADBF94B1}.Debug|Any CPU.Build.0 = Debug|Any CPU
		{C5CEFE74-65A7-4783-A950-D780ADBF94B1}.Release|Any CPU.ActiveCfg = Release|Any CPU
		{C5CEFE74-65A7-4783-A950-D780ADBF94B1}.Release|Any CPU.Build.0 = Release|Any CPU
		{A80CFF67-CBF8-4822-95EE-1E3520A86D68}.Debug|Any CPU.ActiveCfg = Debug|Any CPU
		{A80CFF67-CBF8-4822-95EE-1E3520A86D68}.Debug|Any CPU.Build.0 = Debug|Any CPU
		{A80CFF67-CBF8-4822-95EE-1E3520A86D68}.Release|Any CPU.ActiveCfg = Release|Any CPU
		{A80CFF67-CBF8-4822-95EE-1E3520A86D68}.Release|Any CPU.Build.0 = Release|Any CPU
		{8D641B78-C5BE-43C6-B0D6-874516F6FC6D}.Debug|Any CPU.ActiveCfg = Debug|Any CPU
		{8D641B78-C5BE-43C6-B0D6-874516F6FC6D}.Debug|Any CPU.Build.0 = Debug|Any CPU
		{8D641B78-C5BE-43C6-B0D6-874516F6FC6D}.Release|Any CPU.ActiveCfg = Release|Any CPU
		{8D641B78-C5BE-43C6-B0D6-874516F6FC6D}.Release|Any CPU.Build.0 = Release|Any CPU
		{350E6557-E1C4-40EB-B181-89D0C479F46F}.Debug|Any CPU.ActiveCfg = Debug|Any CPU
		{350E6557-E1C4-40EB-B181-89D0C479F46F}.Debug|Any CPU.Build.0 = Debug|Any CPU
		{350E6557-E1C4-40EB-B181-89D0C479F46F}.Release|Any CPU.ActiveCfg = Release|Any CPU
		{350E6557-E1C4-40EB-B181-89D0C479F46F}.Release|Any CPU.Build.0 = Release|Any CPU
		{68AE0FD4-A8A1-4500-9BD2-5F9F430A9F50}.Debug|Any CPU.ActiveCfg = Debug|Any CPU
		{68AE0FD4-A8A1-4500-9BD2-5F9F430A9F50}.Debug|Any CPU.Build.0 = Debug|Any CPU
		{68AE0FD4-A8A1-4500-9BD2-5F9F430A9F50}.Release|Any CPU.ActiveCfg = Release|Any CPU
		{68AE0FD4-A8A1-4500-9BD2-5F9F430A9F50}.Release|Any CPU.Build.0 = Release|Any CPU
		{12259916-7AF1-4A0B-B4F2-C26110A830CF}.Debug|Any CPU.ActiveCfg = Debug|Any CPU
		{12259916-7AF1-4A0B-B4F2-C26110A830CF}.Debug|Any CPU.Build.0 = Debug|Any CPU
		{12259916-7AF1-4A0B-B4F2-C26110A830CF}.Release|Any CPU.ActiveCfg = Release|Any CPU
		{12259916-7AF1-4A0B-B4F2-C26110A830CF}.Release|Any CPU.Build.0 = Release|Any CPU
		{DCD60A8A-FD1A-4436-BF39-2FF7E6415329}.Debug|Any CPU.ActiveCfg = Debug|Any CPU
		{DCD60A8A-FD1A-4436-BF39-2FF7E6415329}.Debug|Any CPU.Build.0 = Debug|Any CPU
		{DCD60A8A-FD1A-4436-BF39-2FF7E6415329}.Release|Any CPU.ActiveCfg = Release|Any CPU
		{DCD60A8A-FD1A-4436-BF39-2FF7E6415329}.Release|Any CPU.Build.0 = Release|Any CPU
		{8BB09326-5A5F-42CF-BE86-2A70209C0454}.Debug|Any CPU.ActiveCfg = Debug|Any CPU
		{8BB09326-5A5F-42CF-BE86-2A70209C0454}.Debug|Any CPU.Build.0 = Debug|Any CPU
		{8BB09326-5A5F-42CF-BE86-2A70209C0454}.Release|Any CPU.ActiveCfg = Release|Any CPU
		{8BB09326-5A5F-42CF-BE86-2A70209C0454}.Release|Any CPU.Build.0 = Release|Any CPU
		{9151FEFB-3176-4C97-8A9E-07C2114BBC38}.Debug|Any CPU.ActiveCfg = Debug|Any CPU
		{9151FEFB-3176-4C97-8A9E-07C2114BBC38}.Debug|Any CPU.Build.0 = Debug|Any CPU
		{9151FEFB-3176-4C97-8A9E-07C2114BBC38}.Release|Any CPU.ActiveCfg = Release|Any CPU
		{9151FEFB-3176-4C97-8A9E-07C2114BBC38}.Release|Any CPU.Build.0 = Release|Any CPU
		{A2D2DD5D-05B2-4BF3-A31E-3473D28EEE12}.Debug|Any CPU.ActiveCfg = Debug|Any CPU
		{A2D2DD5D-05B2-4BF3-A31E-3473D28EEE12}.Debug|Any CPU.Build.0 = Debug|Any CPU
		{A2D2DD5D-05B2-4BF3-A31E-3473D28EEE12}.Release|Any CPU.ActiveCfg = Release|Any CPU
		{A2D2DD5D-05B2-4BF3-A31E-3473D28EEE12}.Release|Any CPU.Build.0 = Release|Any CPU
		{D41A838E-9D2C-4892-9422-91D6BD08DECA}.Debug|Any CPU.ActiveCfg = Debug|Any CPU
		{D41A838E-9D2C-4892-9422-91D6BD08DECA}.Debug|Any CPU.Build.0 = Debug|Any CPU
		{D41A838E-9D2C-4892-9422-91D6BD08DECA}.Release|Any CPU.ActiveCfg = Release|Any CPU
		{D41A838E-9D2C-4892-9422-91D6BD08DECA}.Release|Any CPU.Build.0 = Release|Any CPU
	EndGlobalSection
	GlobalSection(SolutionProperties) = preSolution
		HideSolutionNode = FALSE
	EndGlobalSection
	GlobalSection(NestedProjects) = preSolution
		{DEFEA0E4-7EC7-4855-81EA-F965469DDAB0} = {7AD0FD43-7C33-4B89-BCB7-05ED277E5C9C}
		{EBE6CA2F-66ED-4289-BE1D-BBAD49085CB1} = {7AD0FD43-7C33-4B89-BCB7-05ED277E5C9C}
		{0497BF9C-E18F-4FB5-9C18-1A76493C0A41} = {7AD0FD43-7C33-4B89-BCB7-05ED277E5C9C}
		{C5CEFE74-65A7-4783-A950-D780ADBF94B1} = {7A5E2D67-1025-478D-9ED3-45BE5C92621E}
		{A80CFF67-CBF8-4822-95EE-1E3520A86D68} = {7A5E2D67-1025-478D-9ED3-45BE5C92621E}
		{8D641B78-C5BE-43C6-B0D6-874516F6FC6D} = {7A5E2D67-1025-478D-9ED3-45BE5C92621E}
		{350E6557-E1C4-40EB-B181-89D0C479F46F} = {BF21F38F-C879-468E-BC51-0BDCF337DB50}
		{68AE0FD4-A8A1-4500-9BD2-5F9F430A9F50} = {BF21F38F-C879-468E-BC51-0BDCF337DB50}
		{12259916-7AF1-4A0B-B4F2-C26110A830CF} = {BF21F38F-C879-468E-BC51-0BDCF337DB50}
		{DCD60A8A-FD1A-4436-BF39-2FF7E6415329} = {BF21F38F-C879-468E-BC51-0BDCF337DB50}
		{8BB09326-5A5F-42CF-BE86-2A70209C0454} = {BF21F38F-C879-468E-BC51-0BDCF337DB50}
		{9151FEFB-3176-4C97-8A9E-07C2114BBC38} = {7A5E2D67-1025-478D-9ED3-45BE5C92621E}
		{A2D2DD5D-05B2-4BF3-A31E-3473D28EEE12} = {7150A4B6-0C5B-4624-AD4D-12A208FEAB2F}
		{D41A838E-9D2C-4892-9422-91D6BD08DECA} = {7A5E2D67-1025-478D-9ED3-45BE5C92621E}
	EndGlobalSection
EndGlobal
